
Microsoft Visual Studio Solution File, Format Version 12.00
# Visual Studio Version 17
VisualStudioVersion = 17.11.35327.3
MinimumVisualStudioVersion = 10.0.40219.1
Project("{8BC9CEB8-8B4A-11D0-8D11-00A0C91BC942}") = "Report#3_Flip_Coin", "Report#3_Flip_Coin\Report#3_Flip_Coin.vcxproj", "{73C78C74-D291-438C-B14F-102F03BDAC3B}"
EndProject
Global
	GlobalSection(SolutionConfigurationPlatforms) = preSolution
		Debug|x64 = Debug|x64
		Debug|x86 = Debug|x86
		Release|x64 = Release|x64
		Release|x86 = Release|x86
	EndGlobalSection
	GlobalSection(ProjectConfigurationPlatforms) = postSolution
		{73C78C74-D291-438C-B14F-102F03BDAC3B}.Debug|x64.ActiveCfg = Debug|x64
		{73C78C74-D291-438C-B14F-102F03BDAC3B}.Debug|x64.Build.0 = Debug|x64
		{73C78C74-D291-438C-B14F-102F03BDAC3B}.Debug|x86.ActiveCfg = Debug|Win32
		{73C78C74-D291-438C-B14F-102F03BDAC3B}.Debug|x86.Build.0 = Debug|Win32
		{73C78C74-D291-438C-B14F-102F03BDAC3B}.Release|x64.ActiveCfg = Release|x64
		{73C78C74-D291-438C-B14F-102F03BDAC3B}.Release|x64.Build.0 = Release|x64
		{73C78C74-D291-438C-B14F-102F03BDAC3B}.Release|x86.ActiveCfg = Release|Win32
		{73C78C74-D291-438C-B14F-102F03BDAC3B}.Release|x86.Build.0 = Release|Win32
	EndGlobalSection
	GlobalSection(SolutionProperties) = preSolution
		HideSolutionNode = FALSE
	EndGlobalSection
	GlobalSection(ExtensibilityGlobals) = postSolution
		SolutionGuid = {EEB0EB91-F454-4BA2-8325-2A569D29D8E0}
	EndGlobalSection
EndGlobal
