
Microsoft Visual Studio Solution File, Format Version 12.00
# Visual Studio Version 17
VisualStudioVersion = 17.11.35327.3
MinimumVisualStudioVersion = 10.0.40219.1
Project("{8BC9CEB8-8B4A-11D0-8D11-00A0C91BC942}") = "report_3_3_up_down", "report_3_3_up_down\report_3_3_up_down.vcxproj", "{C5248351-9320-415C-9414-6E30311EFEBE}"
EndProject
Global
	GlobalSection(SolutionConfigurationPlatforms) = preSolution
		Debug|x64 = Debug|x64
		Debug|x86 = Debug|x86
		Release|x64 = Release|x64
		Release|x86 = Release|x86
	EndGlobalSection
	GlobalSection(ProjectConfigurationPlatforms) = postSolution
		{C5248351-9320-415C-9414-6E30311EFEBE}.Debug|x64.ActiveCfg = Debug|x64
		{C5248351-9320-415C-9414-6E30311EFEBE}.Debug|x64.Build.0 = Debug|x64
		{C5248351-9320-415C-9414-6E30311EFEBE}.Debug|x86.ActiveCfg = Debug|Win32
		{C5248351-9320-415C-9414-6E30311EFEBE}.Debug|x86.Build.0 = Debug|Win32
		{C5248351-9320-415C-9414-6E30311EFEBE}.Release|x64.ActiveCfg = Release|x64
		{C5248351-9320-415C-9414-6E30311EFEBE}.Release|x64.Build.0 = Release|x64
		{C5248351-9320-415C-9414-6E30311EFEBE}.Release|x86.ActiveCfg = Release|Win32
		{C5248351-9320-415C-9414-6E30311EFEBE}.Release|x86.Build.0 = Release|Win32
	EndGlobalSection
	GlobalSection(SolutionProperties) = preSolution
		HideSolutionNode = FALSE
	EndGlobalSection
	GlobalSection(ExtensibilityGlobals) = postSolution
		SolutionGuid = {FD29F138-1ADD-465F-A9CE-3E725C611C45}
	EndGlobalSection
EndGlobal
