
Microsoft Visual Studio Solution File, Format Version 12.00
# Visual Studio Version 17
VisualStudioVersion = 17.11.35327.3
MinimumVisualStudioVersion = 10.0.40219.1
Project("{8BC9CEB8-8B4A-11D0-8D11-00A0C91BC942}") = "report_3_2_ten_integers", "report_3_2_ten_integers\report_3_2_ten_integers.vcxproj", "{EDAA0A04-DBF3-4D20-B4D6-8A3F871A240C}"
EndProject
Global
	GlobalSection(SolutionConfigurationPlatforms) = preSolution
		Debug|x64 = Debug|x64
		Debug|x86 = Debug|x86
		Release|x64 = Release|x64
		Release|x86 = Release|x86
	EndGlobalSection
	GlobalSection(ProjectConfigurationPlatforms) = postSolution
		{EDAA0A04-DBF3-4D20-B4D6-8A3F871A240C}.Debug|x64.ActiveCfg = Debug|x64
		{EDAA0A04-DBF3-4D20-B4D6-8A3F871A240C}.Debug|x64.Build.0 = Debug|x64
		{EDAA0A04-DBF3-4D20-B4D6-8A3F871A240C}.Debug|x86.ActiveCfg = Debug|Win32
		{EDAA0A04-DBF3-4D20-B4D6-8A3F871A240C}.Debug|x86.Build.0 = Debug|Win32
		{EDAA0A04-DBF3-4D20-B4D6-8A3F871A240C}.Release|x64.ActiveCfg = Release|x64
		{EDAA0A04-DBF3-4D20-B4D6-8A3F871A240C}.Release|x64.Build.0 = Release|x64
		{EDAA0A04-DBF3-4D20-B4D6-8A3F871A240C}.Release|x86.ActiveCfg = Release|Win32
		{EDAA0A04-DBF3-4D20-B4D6-8A3F871A240C}.Release|x86.Build.0 = Release|Win32
	EndGlobalSection
	GlobalSection(SolutionProperties) = preSolution
		HideSolutionNode = FALSE
	EndGlobalSection
	GlobalSection(ExtensibilityGlobals) = postSolution
		SolutionGuid = {72B5E4DF-A7B9-496E-ABF6-8C20A4B60B81}
	EndGlobalSection
EndGlobal
